
Microsoft Visual Studio Solution File, Format Version 12.00
# Visual Studio Version 17
VisualStudioVersion = 17.0.31903.59
MinimumVisualStudioVersion = 10.0.40219.1
Project("{2150E333-8FDC-42A3-9474-1A3956D46DE8}") = "src", "src", "{827E0CD3-B72D-47B6-A68D-7590B98EB39B}"
EndProject
Project("{FAE04EC0-301F-11D3-BF4B-00C04F79EFBC}") = "Chronicle.Domain", "src\Chronicle.Domain\Chronicle.Domain.csproj", "{05037CC7-0F9A-4F22-9ECC-04F55541A4FD}"
EndProject
Project("{FAE04EC0-301F-11D3-BF4B-00C04F79EFBC}") = "Chronicle.Contracts", "src\Chronicle.Contracts\Chronicle.Contracts.csproj", "{4DD6986D-D024-477B-82B5-F32407F44A56}"
EndProject
Project("{FAE04EC0-301F-11D3-BF4B-00C04F79EFBC}") = "Chronicle.RuleSets.Abstractions", "src\Chronicle.RuleSets.Abstractions\Chronicle.RuleSets.Abstractions.csproj", "{CF2DA444-28BD-4794-AA30-57867A253C24}"
EndProject
Project("{FAE04EC0-301F-11D3-BF4B-00C04F79EFBC}") = "Chronicle.NarrativeIntelligence.Abstractions", "src\Chronicle.NarrativeIntelligence.Abstractions\Chronicle.NarrativeIntelligence.Abstractions.csproj", "{A8CD448D-8F25-4DC9-9FAC-5EF9CED5E76E}"
EndProject
Project("{FAE04EC0-301F-11D3-BF4B-00C04F79EFBC}") = "Chronicle.Application", "src\Chronicle.Application\Chronicle.Application.csproj", "{E72C883A-2B8B-4F67-AA8D-B24E7F77B684}"
EndProject
Project("{FAE04EC0-301F-11D3-BF4B-00C04F79EFBC}") = "Chronicle.Infrastructure", "src\Chronicle.Infrastructure\Chronicle.Infrastructure.csproj", "{069E19CF-260B-46A0-A013-A3146CE0DBCC}"
EndProject
Project("{FAE04EC0-301F-11D3-BF4B-00C04F79EFBC}") = "Chronicle.Persistence.Sqlite", "src\Chronicle.Persistence.Sqlite\Chronicle.Persistence.Sqlite.csproj", "{03DFC002-166D-4033-9E09-D9A8E4A4CB68}"
EndProject
Project("{FAE04EC0-301F-11D3-BF4B-00C04F79EFBC}") = "Chronicle.NarrativeIntelligence.OpenAI", "src\Chronicle.NarrativeIntelligence.OpenAI\Chronicle.NarrativeIntelligence.OpenAI.csproj", "{5A8CFE13-3895-43DF-B209-69FC9F09BF91}"
EndProject
Project("{FAE04EC0-301F-11D3-BF4B-00C04F79EFBC}") = "Chronicle.Presentation.Desktop", "src\Chronicle.Presentation.Desktop\Chronicle.Presentation.Desktop.csproj", "{534B7515-7507-4EFA-97E9-3CBD797A12B2}"
EndProject
Project("{FAE04EC0-301F-11D3-BF4B-00C04F79EFBC}") = "Chronicle.Desktop", "src\Chronicle.Desktop\Chronicle.Desktop.csproj", "{4F039ACF-4DB2-40AF-83FE-65AE784D282A}"
EndProject
Project("{2150E333-8FDC-42A3-9474-1A3956D46DE8}") = "tests", "tests", "{0AB3BF05-4346-4AA6-1389-037BE0695223}"
EndProject
Project("{FAE04EC0-301F-11D3-BF4B-00C04F79EFBC}") = "Chronicle.Domain.Tests", "tests\Chronicle.Domain.Tests\Chronicle.Domain.Tests.csproj", "{E02531A9-79FE-4E59-9531-5F6CC2C1520C}"
EndProject
Project("{FAE04EC0-301F-11D3-BF4B-00C04F79EFBC}") = "Chronicle.Application.Tests", "tests\Chronicle.Application.Tests\Chronicle.Application.Tests.csproj", "{AC5AC98D-2A56-442F-9882-D675AE5611A8}"
EndProject
Project("{FAE04EC0-301F-11D3-BF4B-00C04F79EFBC}") = "Chronicle.Architecture.Tests", "tests\Chronicle.Architecture.Tests\Chronicle.Architecture.Tests.csproj", "{351F692D-AD95-44D6-A84D-27E449998CC1}"
EndProject
Project("{FAE04EC0-301F-11D3-BF4B-00C04F79EFBC}") = "Chronicle.Contracts.Tests", "tests\Chronicle.Contracts.Tests\Chronicle.Contracts.Tests.csproj", "{1C546D67-1132-40E9-BF9F-F01DECAE9E3C}"
EndProject
Project("{FAE04EC0-301F-11D3-BF4B-00C04F79EFBC}") = "Chronicle.Infrastructure.Tests", "tests\Chronicle.Infrastructure.Tests\Chronicle.Infrastructure.Tests.csproj", "{7893CD08-C2F7-4CE0-BA7E-4B78709B9A08}"
EndProject
Project("{FAE04EC0-301F-11D3-BF4B-00C04F79EFBC}") = "Chronicle.Persistence.Sqlite.Tests", "tests\Chronicle.Persistence.Sqlite.Tests\Chronicle.Persistence.Sqlite.Tests.csproj", "{BD1332F4-E039-42FB-B721-3616E40EE73B}"
EndProject
Global
	GlobalSection(SolutionConfigurationPlatforms) = preSolution
		Debug|Any CPU = Debug|Any CPU
		Debug|x64 = Debug|x64
		Debug|x86 = Debug|x86
		Release|Any CPU = Release|Any CPU
		Release|x64 = Release|x64
		Release|x86 = Release|x86
	EndGlobalSection
	GlobalSection(ProjectConfigurationPlatforms) = postSolution
		{05037CC7-0F9A-4F22-9ECC-04F55541A4FD}.Debug|Any CPU.ActiveCfg = Debug|Any CPU
		{05037CC7-0F9A-4F22-9ECC-04F55541A4FD}.Debug|Any CPU.Build.0 = Debug|Any CPU
		{05037CC7-0F9A-4F22-9ECC-04F55541A4FD}.Debug|x64.ActiveCfg = Debug|Any CPU
		{05037CC7-0F9A-4F22-9ECC-04F55541A4FD}.Debug|x64.Build.0 = Debug|Any CPU
		{05037CC7-0F9A-4F22-9ECC-04F55541A4FD}.Debug|x86.ActiveCfg = Debug|Any CPU
		{05037CC7-0F9A-4F22-9ECC-04F55541A4FD}.Debug|x86.Build.0 = Debug|Any CPU
		{05037CC7-0F9A-4F22-9ECC-04F55541A4FD}.Release|Any CPU.ActiveCfg = Release|Any CPU
		{05037CC7-0F9A-4F22-9ECC-04F55541A4FD}.Release|Any CPU.Build.0 = Release|Any CPU
		{05037CC7-0F9A-4F22-9ECC-04F55541A4FD}.Release|x64.ActiveCfg = Release|Any CPU
		{05037CC7-0F9A-4F22-9ECC-04F55541A4FD}.Release|x64.Build.0 = Release|Any CPU
		{05037CC7-0F9A-4F22-9ECC-04F55541A4FD}.Release|x86.ActiveCfg = Release|Any CPU
		{05037CC7-0F9A-4F22-9ECC-04F55541A4FD}.Release|x86.Build.0 = Release|Any CPU
		{4DD6986D-D024-477B-82B5-F32407F44A56}.Debug|Any CPU.ActiveCfg = Debug|Any CPU
		{4DD6986D-D024-477B-82B5-F32407F44A56}.Debug|Any CPU.Build.0 = Debug|Any CPU
		{4DD6986D-D024-477B-82B5-F32407F44A56}.Debug|x64.ActiveCfg = Debug|Any CPU
		{4DD6986D-D024-477B-82B5-F32407F44A56}.Debug|x64.Build.0 = Debug|Any CPU
		{4DD6986D-D024-477B-82B5-F32407F44A56}.Debug|x86.ActiveCfg = Debug|Any CPU
		{4DD6986D-D024-477B-82B5-F32407F44A56}.Debug|x86.Build.0 = Debug|Any CPU
		{4DD6986D-D024-477B-82B5-F32407F44A56}.Release|Any CPU.ActiveCfg = Release|Any CPU
		{4DD6986D-D024-477B-82B5-F32407F44A56}.Release|Any CPU.Build.0 = Release|Any CPU
		{4DD6986D-D024-477B-82B5-F32407F44A56}.Release|x64.ActiveCfg = Release|Any CPU
		{4DD6986D-D024-477B-82B5-F32407F44A56}.Release|x64.Build.0 = Release|Any CPU
		{4DD6986D-D024-477B-82B5-F32407F44A56}.Release|x86.ActiveCfg = Release|Any CPU
		{4DD6986D-D024-477B-82B5-F32407F44A56}.Release|x86.Build.0 = Release|Any CPU
		{CF2DA444-28BD-4794-AA30-57867A253C24}.Debug|Any CPU.ActiveCfg = Debug|Any CPU
		{CF2DA444-28BD-4794-AA30-57867A253C24}.Debug|Any CPU.Build.0 = Debug|Any CPU
		{CF2DA444-28BD-4794-AA30-57867A253C24}.Debug|x64.ActiveCfg = Debug|Any CPU
		{CF2DA444-28BD-4794-AA30-57867A253C24}.Debug|x64.Build.0 = Debug|Any CPU
		{CF2DA444-28BD-4794-AA30-57867A253C24}.Debug|x86.ActiveCfg = Debug|Any CPU
		{CF2DA444-28BD-4794-AA30-57867A253C24}.Debug|x86.Build.0 = Debug|Any CPU
		{CF2DA444-28BD-4794-AA30-57867A253C24}.Release|Any CPU.ActiveCfg = Release|Any CPU
		{CF2DA444-28BD-4794-AA30-57867A253C24}.Release|Any CPU.Build.0 = Release|Any CPU
		{CF2DA444-28BD-4794-AA30-57867A253C24}.Release|x64.ActiveCfg = Release|Any CPU
		{CF2DA444-28BD-4794-AA30-57867A253C24}.Release|x64.Build.0 = Release|Any CPU
		{CF2DA444-28BD-4794-AA30-57867A253C24}.Release|x86.ActiveCfg = Release|Any CPU
		{CF2DA444-28BD-4794-AA30-57867A253C24}.Release|x86.Build.0 = Release|Any CPU
		{A8CD448D-8F25-4DC9-9FAC-5EF9CED5E76E}.Debug|Any CPU.ActiveCfg = Debug|Any CPU
		{A8CD448D-8F25-4DC9-9FAC-5EF9CED5E76E}.Debug|Any CPU.Build.0 = Debug|Any CPU
		{A8CD448D-8F25-4DC9-9FAC-5EF9CED5E76E}.Debug|x64.ActiveCfg = Debug|Any CPU
		{A8CD448D-8F25-4DC9-9FAC-5EF9CED5E76E}.Debug|x64.Build.0 = Debug|Any CPU
		{A8CD448D-8F25-4DC9-9FAC-5EF9CED5E76E}.Debug|x86.ActiveCfg = Debug|Any CPU
		{A8CD448D-8F25-4DC9-9FAC-5EF9CED5E76E}.Debug|x86.Build.0 = Debug|Any CPU
		{A8CD448D-8F25-4DC9-9FAC-5EF9CED5E76E}.Release|Any CPU.ActiveCfg = Release|Any CPU
		{A8CD448D-8F25-4DC9-9FAC-5EF9CED5E76E}.Release|Any CPU.Build.0 = Release|Any CPU
		{A8CD448D-8F25-4DC9-9FAC-5EF9CED5E76E}.Release|x64.ActiveCfg = Release|Any CPU
		{A8CD448D-8F25-4DC9-9FAC-5EF9CED5E76E}.Release|x64.Build.0 = Release|Any CPU
		{A8CD448D-8F25-4DC9-9FAC-5EF9CED5E76E}.Release|x86.ActiveCfg = Release|Any CPU
		{A8CD448D-8F25-4DC9-9FAC-5EF9CED5E76E}.Release|x86.Build.0 = Release|Any CPU
		{E72C883A-2B8B-4F67-AA8D-B24E7F77B684}.Debug|Any CPU.ActiveCfg = Debug|Any CPU
		{E72C883A-2B8B-4F67-AA8D-B24E7F77B684}.Debug|Any CPU.Build.0 = Debug|Any CPU
		{E72C883A-2B8B-4F67-AA8D-B24E7F77B684}.Debug|x64.ActiveCfg = Debug|Any CPU
		{E72C883A-2B8B-4F67-AA8D-B24E7F77B684}.Debug|x64.Build.0 = Debug|Any CPU
		{E72C883A-2B8B-4F67-AA8D-B24E7F77B684}.Debug|x86.ActiveCfg = Debug|Any CPU
		{E72C883A-2B8B-4F67-AA8D-B24E7F77B684}.Debug|x86.Build.0 = Debug|Any CPU
		{E72C883A-2B8B-4F67-AA8D-B24E7F77B684}.Release|Any CPU.ActiveCfg = Release|Any CPU
		{E72C883A-2B8B-4F67-AA8D-B24E7F77B684}.Release|Any CPU.Build.0 = Release|Any CPU
		{E72C883A-2B8B-4F67-AA8D-B24E7F77B684}.Release|x64.ActiveCfg = Release|Any CPU
		{E72C883A-2B8B-4F67-AA8D-B24E7F77B684}.Release|x64.Build.0 = Release|Any CPU
		{E72C883A-2B8B-4F67-AA8D-B24E7F77B684}.Release|x86.ActiveCfg = Release|Any CPU
		{E72C883A-2B8B-4F67-AA8D-B24E7F77B684}.Release|x86.Build.0 = Release|Any CPU
		{069E19CF-260B-46A0-A013-A3146CE0DBCC}.Debug|Any CPU.ActiveCfg = Debug|Any CPU
		{069E19CF-260B-46A0-A013-A3146CE0DBCC}.Debug|Any CPU.Build.0 = Debug|Any CPU
		{069E19CF-260B-46A0-A013-A3146CE0DBCC}.Debug|x64.ActiveCfg = Debug|Any CPU
		{069E19CF-260B-46A0-A013-A3146CE0DBCC}.Debug|x64.Build.0 = Debug|Any CPU
		{069E19CF-260B-46A0-A013-A3146CE0DBCC}.Debug|x86.ActiveCfg = Debug|Any CPU
		{069E19CF-260B-46A0-A013-A3146CE0DBCC}.Debug|x86.Build.0 = Debug|Any CPU
		{069E19CF-260B-46A0-A013-A3146CE0DBCC}.Release|Any CPU.ActiveCfg = Release|Any CPU
		{069E19CF-260B-46A0-A013-A3146CE0DBCC}.Release|Any CPU.Build.0 = Release|Any CPU
		{069E19CF-260B-46A0-A013-A3146CE0DBCC}.Release|x64.ActiveCfg = Release|Any CPU
		{069E19CF-260B-46A0-A013-A3146CE0DBCC}.Release|x64.Build.0 = Release|Any CPU
		{069E19CF-260B-46A0-A013-A3146CE0DBCC}.Release|x86.ActiveCfg = Release|Any CPU
		{069E19CF-260B-46A0-A013-A3146CE0DBCC}.Release|x86.Build.0 = Release|Any CPU
		{03DFC002-166D-4033-9E09-D9A8E4A4CB68}.Debug|Any CPU.ActiveCfg = Debug|Any CPU
		{03DFC002-166D-4033-9E09-D9A8E4A4CB68}.Debug|Any CPU.Build.0 = Debug|Any CPU
		{03DFC002-166D-4033-9E09-D9A8E4A4CB68}.Debug|x64.ActiveCfg = Debug|Any CPU
		{03DFC002-166D-4033-9E09-D9A8E4A4CB68}.Debug|x64.Build.0 = Debug|Any CPU
		{03DFC002-166D-4033-9E09-D9A8E4A4CB68}.Debug|x86.ActiveCfg = Debug|Any CPU
		{03DFC002-166D-4033-9E09-D9A8E4A4CB68}.Debug|x86.Build.0 = Debug|Any CPU
		{03DFC002-166D-4033-9E09-D9A8E4A4CB68}.Release|Any CPU.ActiveCfg = Release|Any CPU
		{03DFC002-166D-4033-9E09-D9A8E4A4CB68}.Release|Any CPU.Build.0 = Release|Any CPU
		{03DFC002-166D-4033-9E09-D9A8E4A4CB68}.Release|x64.ActiveCfg = Release|Any CPU
		{03DFC002-166D-4033-9E09-D9A8E4A4CB68}.Release|x64.Build.0 = Release|Any CPU
		{03DFC002-166D-4033-9E09-D9A8E4A4CB68}.Release|x86.ActiveCfg = Release|Any CPU
		{03DFC002-166D-4033-9E09-D9A8E4A4CB68}.Release|x86.Build.0 = Release|Any CPU
		{5A8CFE13-3895-43DF-B209-69FC9F09BF91}.Debug|Any CPU.ActiveCfg = Debug|Any CPU
		{5A8CFE13-3895-43DF-B209-69FC9F09BF91}.Debug|Any CPU.Build.0 = Debug|Any CPU
		{5A8CFE13-3895-43DF-B209-69FC9F09BF91}.Debug|x64.ActiveCfg = Debug|Any CPU
		{5A8CFE13-3895-43DF-B209-69FC9F09BF91}.Debug|x64.Build.0 = Debug|Any CPU
		{5A8CFE13-3895-43DF-B209-69FC9F09BF91}.Debug|x86.ActiveCfg = Debug|Any CPU
		{5A8CFE13-3895-43DF-B209-69FC9F09BF91}.Debug|x86.Build.0 = Debug|Any CPU
		{5A8CFE13-3895-43DF-B209-69FC9F09BF91}.Release|Any CPU.ActiveCfg = Release|Any CPU
		{5A8CFE13-3895-43DF-B209-69FC9F09BF91}.Release|Any CPU.Build.0 = Release|Any CPU
		{5A8CFE13-3895-43DF-B209-69FC9F09BF91}.Release|x64.ActiveCfg = Release|Any CPU
		{5A8CFE13-3895-43DF-B209-69FC9F09BF91}.Release|x64.Build.0 = Release|Any CPU
		{5A8CFE13-3895-43DF-B209-69FC9F09BF91}.Release|x86.ActiveCfg = Release|Any CPU
		{5A8CFE13-3895-43DF-B209-69FC9F09BF91}.Release|x86.Build.0 = Release|Any CPU
		{534B7515-7507-4EFA-97E9-3CBD797A12B2}.Debug|Any CPU.ActiveCfg = Debug|Any CPU
		{534B7515-7507-4EFA-97E9-3CBD797A12B2}.Debug|Any CPU.Build.0 = Debug|Any CPU
		{534B7515-7507-4EFA-97E9-3CBD797A12B2}.Debug|x64.ActiveCfg = Debug|Any CPU
		{534B7515-7507-4EFA-97E9-3CBD797A12B2}.Debug|x64.Build.0 = Debug|Any CPU
		{534B7515-7507-4EFA-97E9-3CBD797A12B2}.Debug|x86.ActiveCfg = Debug|Any CPU
		{534B7515-7507-4EFA-97E9-3CBD797A12B2}.Debug|x86.Build.0 = Debug|Any CPU
		{534B7515-7507-4EFA-97E9-3CBD797A12B2}.Release|Any CPU.ActiveCfg = Release|Any CPU
		{534B7515-7507-4EFA-97E9-3CBD797A12B2}.Release|Any CPU.Build.0 = Release|Any CPU
		{534B7515-7507-4EFA-97E9-3CBD797A12B2}.Release|x64.ActiveCfg = Release|Any CPU
		{534B7515-7507-4EFA-97E9-3CBD797A12B2}.Release|x64.Build.0 = Release|Any CPU
		{534B7515-7507-4EFA-97E9-3CBD797A12B2}.Release|x86.ActiveCfg = Release|Any CPU
		{534B7515-7507-4EFA-97E9-3CBD797A12B2}.Release|x86.Build.0 = Release|Any CPU
		{4F039ACF-4DB2-40AF-83FE-65AE784D282A}.Debug|Any CPU.ActiveCfg = Debug|Any CPU
		{4F039ACF-4DB2-40AF-83FE-65AE784D282A}.Debug|Any CPU.Build.0 = Debug|Any CPU
		{4F039ACF-4DB2-40AF-83FE-65AE784D282A}.Debug|x64.ActiveCfg = Debug|Any CPU
		{4F039ACF-4DB2-40AF-83FE-65AE784D282A}.Debug|x64.Build.0 = Debug|Any CPU
		{4F039ACF-4DB2-40AF-83FE-65AE784D282A}.Debug|x86.ActiveCfg = Debug|Any CPU
		{4F039ACF-4DB2-40AF-83FE-65AE784D282A}.Debug|x86.Build.0 = Debug|Any CPU
		{4F039ACF-4DB2-40AF-83FE-65AE784D282A}.Release|Any CPU.ActiveCfg = Release|Any CPU
		{4F039ACF-4DB2-40AF-83FE-65AE784D282A}.Release|Any CPU.Build.0 = Release|Any CPU
		{4F039ACF-4DB2-40AF-83FE-65AE784D282A}.Release|x64.ActiveCfg = Release|Any CPU
		{4F039ACF-4DB2-40AF-83FE-65AE784D282A}.Release|x64.Build.0 = Release|Any CPU
		{4F039ACF-4DB2-40AF-83FE-65AE784D282A}.Release|x86.ActiveCfg = Release|Any CPU
		{4F039ACF-4DB2-40AF-83FE-65AE784D282A}.Release|x86.Build.0 = Release|Any CPU
		{E02531A9-79FE-4E59-9531-5F6CC2C1520C}.Debug|Any CPU.ActiveCfg = Debug|Any CPU
		{E02531A9-79FE-4E59-9531-5F6CC2C1520C}.Debug|Any CPU.Build.0 = Debug|Any CPU
		{E02531A9-79FE-4E59-9531-5F6CC2C1520C}.Debug|x64.ActiveCfg = Debug|Any CPU
		{E02531A9-79FE-4E59-9531-5F6CC2C1520C}.Debug|x64.Build.0 = Debug|Any CPU
		{E02531A9-79FE-4E59-9531-5F6CC2C1520C}.Debug|x86.ActiveCfg = Debug|Any CPU
		{E02531A9-79FE-4E59-9531-5F6CC2C1520C}.Debug|x86.Build.0 = Debug|Any CPU
		{E02531A9-79FE-4E59-9531-5F6CC2C1520C}.Release|Any CPU.ActiveCfg = Release|Any CPU
		{E02531A9-79FE-4E59-9531-5F6CC2C1520C}.Release|Any CPU.Build.0 = Release|Any CPU
		{E02531A9-79FE-4E59-9531-5F6CC2C1520C}.Release|x64.ActiveCfg = Release|Any CPU
		{E02531A9-79FE-4E59-9531-5F6CC2C1520C}.Release|x64.Build.0 = Release|Any CPU
		{E02531A9-79FE-4E59-9531-5F6CC2C1520C}.Release|x86.ActiveCfg = Release|Any CPU
		{E02531A9-79FE-4E59-9531-5F6CC2C1520C}.Release|x86.Build.0 = Release|Any CPU
		{AC5AC98D-2A56-442F-9882-D675AE5611A8}.Debug|Any CPU.ActiveCfg = Debug|Any CPU
		{AC5AC98D-2A56-442F-9882-D675AE5611A8}.Debug|Any CPU.Build.0 = Debug|Any CPU
		{AC5AC98D-2A56-442F-9882-D675AE5611A8}.Debug|x64.ActiveCfg = Debug|Any CPU
		{AC5AC98D-2A56-442F-9882-D675AE5611A8}.Debug|x64.Build.0 = Debug|Any CPU
		{AC5AC98D-2A56-442F-9882-D675AE5611A8}.Debug|x86.ActiveCfg = Debug|Any CPU
		{AC5AC98D-2A56-442F-9882-D675AE5611A8}.Debug|x86.Build.0 = Debug|Any CPU
		{AC5AC98D-2A56-442F-9882-D675AE5611A8}.Release|Any CPU.ActiveCfg = Release|Any CPU
		{AC5AC98D-2A56-442F-9882-D675AE5611A8}.Release|Any CPU.Build.0 = Release|Any CPU
		{AC5AC98D-2A56-442F-9882-D675AE5611A8}.Release|x64.ActiveCfg = Release|Any CPU
		{AC5AC98D-2A56-442F-9882-D675AE5611A8}.Release|x64.Build.0 = Release|Any CPU
		{AC5AC98D-2A56-442F-9882-D675AE5611A8}.Release|x86.ActiveCfg = Release|Any CPU
		{AC5AC98D-2A56-442F-9882-D675AE5611A8}.Release|x86.Build.0 = Release|Any CPU
		{351F692D-AD95-44D6-A84D-27E449998CC1}.Debug|Any CPU.ActiveCfg = Debug|Any CPU
		{351F692D-AD95-44D6-A84D-27E449998CC1}.Debug|Any CPU.Build.0 = Debug|Any CPU
		{351F692D-AD95-44D6-A84D-27E449998CC1}.Debug|x64.ActiveCfg = Debug|Any CPU
		{351F692D-AD95-44D6-A84D-27E449998CC1}.Debug|x64.Build.0 = Debug|Any CPU
		{351F692D-AD95-44D6-A84D-27E449998CC1}.Debug|x86.ActiveCfg = Debug|Any CPU
		{351F692D-AD95-44D6-A84D-27E449998CC1}.Debug|x86.Build.0 = Debug|Any CPU
		{351F692D-AD95-44D6-A84D-27E449998CC1}.Release|Any CPU.ActiveCfg = Release|Any CPU
		{351F692D-AD95-44D6-A84D-27E449998CC1}.Release|Any CPU.Build.0 = Release|Any CPU
		{351F692D-AD95-44D6-A84D-27E449998CC1}.Release|x64.ActiveCfg = Release|Any CPU
		{351F692D-AD95-44D6-A84D-27E449998CC1}.Release|x64.Build.0 = Release|Any CPU
		{351F692D-AD95-44D6-A84D-27E449998CC1}.Release|x86.ActiveCfg = Release|Any CPU
		{351F692D-AD95-44D6-A84D-27E449998CC1}.Release|x86.Build.0 = Release|Any CPU
		{1C546D67-1132-40E9-BF9F-F01DECAE9E3C}.Debug|Any CPU.ActiveCfg = Debug|Any CPU
		{1C546D67-1132-40E9-BF9F-F01DECAE9E3C}.Debug|Any CPU.Build.0 = Debug|Any CPU
		{1C546D67-1132-40E9-BF9F-F01DECAE9E3C}.Debug|x64.ActiveCfg = Debug|Any CPU
		{1C546D67-1132-40E9-BF9F-F01DECAE9E3C}.Debug|x64.Build.0 = Debug|Any CPU
		{1C546D67-1132-40E9-BF9F-F01DECAE9E3C}.Debug|x86.ActiveCfg = Debug|Any CPU
		{1C546D67-1132-40E9-BF9F-F01DECAE9E3C}.Debug|x86.Build.0 = Debug|Any CPU
		{1C546D67-1132-40E9-BF9F-F01DECAE9E3C}.Release|Any CPU.ActiveCfg = Release|Any CPU
		{1C546D67-1132-40E9-BF9F-F01DECAE9E3C}.Release|Any CPU.Build.0 = Release|Any CPU
		{1C546D67-1132-40E9-BF9F-F01DECAE9E3C}.Release|x64.ActiveCfg = Release|Any CPU
		{1C546D67-1132-40E9-BF9F-F01DECAE9E3C}.Release|x64.Build.0 = Release|Any CPU
		{1C546D67-1132-40E9-BF9F-F01DECAE9E3C}.Release|x86.ActiveCfg = Release|Any CPU
		{1C546D67-1132-40E9-BF9F-F01DECAE9E3C}.Release|x86.Build.0 = Release|Any CPU
		{7893CD08-C2F7-4CE0-BA7E-4B78709B9A08}.Debug|Any CPU.ActiveCfg = Debug|Any CPU
		{7893CD08-C2F7-4CE0-BA7E-4B78709B9A08}.Debug|Any CPU.Build.0 = Debug|Any CPU
		{7893CD08-C2F7-4CE0-BA7E-4B78709B9A08}.Debug|x64.ActiveCfg = Debug|Any CPU
		{7893CD08-C2F7-4CE0-BA7E-4B78709B9A08}.Debug|x64.Build.0 = Debug|Any CPU
		{7893CD08-C2F7-4CE0-BA7E-4B78709B9A08}.Debug|x86.ActiveCfg = Debug|Any CPU
		{7893CD08-C2F7-4CE0-BA7E-4B78709B9A08}.Debug|x86.Build.0 = Debug|Any CPU
		{7893CD08-C2F7-4CE0-BA7E-4B78709B9A08}.Release|Any CPU.ActiveCfg = Release|Any CPU
		{7893CD08-C2F7-4CE0-BA7E-4B78709B9A08}.Release|Any CPU.Build.0 = Release|Any CPU
		{7893CD08-C2F7-4CE0-BA7E-4B78709B9A08}.Release|x64.ActiveCfg = Release|Any CPU
		{7893CD08-C2F7-4CE0-BA7E-4B78709B9A08}.Release|x64.Build.0 = Release|Any CPU
		{7893CD08-C2F7-4CE0-BA7E-4B78709B9A08}.Release|x86.ActiveCfg = Release|Any CPU
		{7893CD08-C2F7-4CE0-BA7E-4B78709B9A08}.Release|x86.Build.0 = Release|Any CPU
		{BD1332F4-E039-42FB-B721-3616E40EE73B}.Debug|Any CPU.ActiveCfg = Debug|Any CPU
		{BD1332F4-E039-42FB-B721-3616E40EE73B}.Debug|Any CPU.Build.0 = Debug|Any CPU
		{BD1332F4-E039-42FB-B721-3616E40EE73B}.Debug|x64.ActiveCfg = Debug|Any CPU
		{BD1332F4-E039-42FB-B721-3616E40EE73B}.Debug|x64.Build.0 = Debug|Any CPU
		{BD1332F4-E039-42FB-B721-3616E40EE73B}.Debug|x86.ActiveCfg = Debug|Any CPU
		{BD1332F4-E039-42FB-B721-3616E40EE73B}.Debug|x86.Build.0 = Debug|Any CPU
		{BD1332F4-E039-42FB-B721-3616E40EE73B}.Release|Any CPU.ActiveCfg = Release|Any CPU
		{BD1332F4-E039-42FB-B721-3616E40EE73B}.Release|Any CPU.Build.0 = Release|Any CPU
		{BD1332F4-E039-42FB-B721-3616E40EE73B}.Release|x64.ActiveCfg = Release|Any CPU
		{BD1332F4-E039-42FB-B721-3616E40EE73B}.Release|x64.Build.0 = Release|Any CPU
		{BD1332F4-E039-42FB-B721-3616E40EE73B}.Release|x86.ActiveCfg = Release|Any CPU
		{BD1332F4-E039-42FB-B721-3616E40EE73B}.Release|x86.Build.0 = Release|Any CPU
	EndGlobalSection
	GlobalSection(SolutionProperties) = preSolution
		HideSolutionNode = FALSE
	EndGlobalSection
	GlobalSection(NestedProjects) = preSolution
		{05037CC7-0F9A-4F22-9ECC-04F55541A4FD} = {827E0CD3-B72D-47B6-A68D-7590B98EB39B}
		{4DD6986D-D024-477B-82B5-F32407F44A56} = {827E0CD3-B72D-47B6-A68D-7590B98EB39B}
		{CF2DA444-28BD-4794-AA30-57867A253C24} = {827E0CD3-B72D-47B6-A68D-7590B98EB39B}
		{A8CD448D-8F25-4DC9-9FAC-5EF9CED5E76E} = {827E0CD3-B72D-47B6-A68D-7590B98EB39B}
		{E72C883A-2B8B-4F67-AA8D-B24E7F77B684} = {827E0CD3-B72D-47B6-A68D-7590B98EB39B}
		{069E19CF-260B-46A0-A013-A3146CE0DBCC} = {827E0CD3-B72D-47B6-A68D-7590B98EB39B}
		{03DFC002-166D-4033-9E09-D9A8E4A4CB68} = {827E0CD3-B72D-47B6-A68D-7590B98EB39B}
		{5A8CFE13-3895-43DF-B209-69FC9F09BF91} = {827E0CD3-B72D-47B6-A68D-7590B98EB39B}
		{534B7515-7507-4EFA-97E9-3CBD797A12B2} = {827E0CD3-B72D-47B6-A68D-7590B98EB39B}
		{4F039ACF-4DB2-40AF-83FE-65AE784D282A} = {827E0CD3-B72D-47B6-A68D-7590B98EB39B}
		{E02531A9-79FE-4E59-9531-5F6CC2C1520C} = {0AB3BF05-4346-4AA6-1389-037BE0695223}
		{AC5AC98D-2A56-442F-9882-D675AE5611A8} = {0AB3BF05-4346-4AA6-1389-037BE0695223}
		{351F692D-AD95-44D6-A84D-27E449998CC1} = {0AB3BF05-4346-4AA6-1389-037BE0695223}
		{1C546D67-1132-40E9-BF9F-F01DECAE9E3C} = {0AB3BF05-4346-4AA6-1389-037BE0695223}
		{7893CD08-C2F7-4CE0-BA7E-4B78709B9A08} = {0AB3BF05-4346-4AA6-1389-037BE0695223}
		{BD1332F4-E039-42FB-B721-3616E40EE73B} = {0AB3BF05-4346-4AA6-1389-037BE0695223}
	EndGlobalSection
EndGlobal
